
Microsoft Visual Studio Solution File, Format Version 12.00
# Visual Studio Version 17
VisualStudioVersion = 17.0.33214.273
MinimumVisualStudioVersion = 10.0.40219.1
Project("{9A19103F-16F7-4668-BE54-9A1E7A4F7556}") = "DemoWebApiJenskin", "DemoWebApiJenskin.csproj", "{4AE1DDBF-2BE1-4DD6-9CAC-54B35385DC8A}"
EndProject
Project("{FAE04EC0-301F-11D3-BF4B-00C04F79EFBC}") = "newJenskinDemo", "..\newJenskinDemo\newJenskinDemo.csproj", "{1E50097E-2519-4335-8710-94F007CCAA16}"
EndProject
Global
	GlobalSection(SolutionConfigurationPlatforms) = preSolution
		Debug|Any CPU = Debug|Any CPU
		Release|Any CPU = Release|Any CPU
	EndGlobalSection
	GlobalSection(ProjectConfigurationPlatforms) = postSolution
		{4AE1DDBF-2BE1-4DD6-9CAC-54B35385DC8A}.Debug|Any CPU.ActiveCfg = Debug|Any CPU
		{4AE1DDBF-2BE1-4DD6-9CAC-54B35385DC8A}.Debug|Any CPU.Build.0 = Debug|Any CPU
		{4AE1DDBF-2BE1-4DD6-9CAC-54B35385DC8A}.Release|Any CPU.ActiveCfg = Release|Any CPU
		{4AE1DDBF-2BE1-4DD6-9CAC-54B35385DC8A}.Release|Any CPU.Build.0 = Release|Any CPU
		{1E50097E-2519-4335-8710-94F007CCAA16}.Debug|Any CPU.ActiveCfg = Debug|Any CPU
		{1E50097E-2519-4335-8710-94F007CCAA16}.Debug|Any CPU.Build.0 = Debug|Any CPU
		{1E50097E-2519-4335-8710-94F007CCAA16}.Release|Any CPU.ActiveCfg = Release|Any CPU
		{1E50097E-2519-4335-8710-94F007CCAA16}.Release|Any CPU.Build.0 = Release|Any CPU
	EndGlobalSection
	GlobalSection(SolutionProperties) = preSolution
		HideSolutionNode = FALSE
	EndGlobalSection
	GlobalSection(ExtensibilityGlobals) = postSolution
		SolutionGuid = {83753C07-D2F1-42F1-8729-752A986811B2}
	EndGlobalSection
EndGlobal
